// !$*UTF8*$!
{
	archiveVersion = 1;
	classes = {
	};
	objectVersion = 56;
	objects = {

/* Begin PBXBuildFile section */
		E5A955ED296FD3BF00E34A9C /* SceneDelegate.swift in Sources */ = {isa = PBXBuildFile; fileRef = E5A955E3296FD3BF00E34A9C /* SceneDelegate.swift */; };
		E5A955EE296FD3BF00E34A9C /* ViewController.swift in Sources */ = {isa = PBXBuildFile; fileRef = E5A955E5296FD3BF00E34A9C /* ViewController.swift */; };
		E5A955EF296FD3BF00E34A9C /* ViewController.xib in Resources */ = {isa = PBXBuildFile; fileRef = E5A955E6296FD3BF00E34A9C /* ViewController.xib */; };
		E5A955F1296FD3BF00E34A9C /* AppDelegate.swift in Sources */ = {isa = PBXBuildFile; fileRef = E5A955E8296FD3BF00E34A9C /* AppDelegate.swift */; };
		E5A955F2296FD3BF00E34A9C /* LaunchScreen.storyboard in Resources */ = {isa = PBXBuildFile; fileRef = E5A955E9296FD3BF00E34A9C /* LaunchScreen.storyboard */; };
		E5A955F3296FD3BF00E34A9C /* Assets.xcassets in Resources */ = {isa = PBXBuildFile; fileRef = E5A955EA296FD3BF00E34A9C /* Assets.xcassets */; };
		E5A955F4296FD3BF00E34A9C /* NFTService.swift in Sources */ = {isa = PBXBuildFile; fileRef = E5A955EC296FD3BF00E34A9C /* NFTService.swift */; };
		E5A955F9296FD44500E34A9C /* Crossmint in Frameworks */ = {isa = PBXBuildFile; productRef = E5A955F8296FD44500E34A9C /* Crossmint */; };
/* End PBXBuildFile section */

/* Begin PBXFileReference section */
		E5A955BE296FD2AF00E34A9C /* ExampleApp.app */ = {isa = PBXFileReference; explicitFileType = wrapper.application; includeInIndex = 0; path = ExampleApp.app; sourceTree = BUILT_PRODUCTS_DIR; };
		E5A955E3296FD3BF00E34A9C /* SceneDelegate.swift */ = {isa = PBXFileReference; fileEncoding = 4; lastKnownFileType = sourcecode.swift; path = SceneDelegate.swift; sourceTree = "<group>"; };
		E5A955E5296FD3BF00E34A9C /* ViewController.swift */ = {isa = PBXFileReference; fileEncoding = 4; lastKnownFileType = sourcecode.swift; path = ViewController.swift; sourceTree = "<group>"; };
		E5A955E6296FD3BF00E34A9C /* ViewController.xib */ = {isa = PBXFileReference; fileEncoding = 4; lastKnownFileType = file.xib; path = ViewController.xib; sourceTree = "<group>"; };
		E5A955E7296FD3BF00E34A9C /* Info.plist */ = {isa = PBXFileReference; fileEncoding = 4; lastKnownFileType = text.plist.xml; path = Info.plist; sourceTree = "<group>"; };
		E5A955E8296FD3BF00E34A9C /* AppDelegate.swift */ = {isa = PBXFileReference; fileEncoding = 4; lastKnownFileType = sourcecode.swift; path = AppDelegate.swift; sourceTree = "<group>"; };
		E5A955E9296FD3BF00E34A9C /* LaunchScreen.storyboard */ = {isa = PBXFileReference; fileEncoding = 4; lastKnownFileType = file.storyboard; path = LaunchScreen.storyboard; sourceTree = "<group>"; };
		E5A955EA296FD3BF00E34A9C /* Assets.xcassets */ = {isa = PBXFileReference; lastKnownFileType = folder.assetcatalog; path = Assets.xcassets; sourceTree = "<group>"; };
		E5A955EC296FD3BF00E34A9C /* NFTService.swift */ = {isa = PBXFileReference; fileEncoding = 4; lastKnownFileType = sourcecode.swift; path = NFTService.swift; sourceTree = "<group>"; };
		E5A955F6296FD3D900E34A9C /* Crossmint-iOS */ = {isa = PBXFileReference; lastKnownFileType = wrapper; name = "Crossmint-iOS"; path = ..; sourceTree = "<group>"; };
/* End PBXFileReference section */

/* Begin PBXFrameworksBuildPhase section */
		E5A955BB296FD2AF00E34A9C /* Frameworks */ = {
			isa = PBXFrameworksBuildPhase;
			buildActionMask = 2147483647;
			files = (
				E5A955F9296FD44500E34A9C /* Crossmint in Frameworks */,
			);
			runOnlyForDeploymentPostprocessing = 0;
		};
/* End PBXFrameworksBuildPhase section */

/* Begin PBXGroup section */
		E5A955B5296FD2AF00E34A9C = {
			isa = PBXGroup;
			children = (
				E5A955F5296FD3D900E34A9C /* Packages */,
				E5A955C0296FD2AF00E34A9C /* ExampleApp */,
				E5A955BF296FD2AF00E34A9C /* Products */,
				E5A955F7296FD44500E34A9C /* Frameworks */,
			);
			sourceTree = "<group>";
		};
		E5A955BF296FD2AF00E34A9C /* Products */ = {
			isa = PBXGroup;
			children = (
				E5A955BE296FD2AF00E34A9C /* ExampleApp.app */,
			);
			name = Products;
			sourceTree = "<group>";
		};
		E5A955C0296FD2AF00E34A9C /* ExampleApp */ = {
			isa = PBXGroup;
			children = (
				E5A955E8296FD3BF00E34A9C /* AppDelegate.swift */,
				E5A955EA296FD3BF00E34A9C /* Assets.xcassets */,
				E5A955E7296FD3BF00E34A9C /* Info.plist */,
				E5A955E9296FD3BF00E34A9C /* LaunchScreen.storyboard */,
				E5A955E3296FD3BF00E34A9C /* SceneDelegate.swift */,
				E5A955EB296FD3BF00E34A9C /* Services */,
				E5A955E4296FD3BF00E34A9C /* Views */,
			);
			path = ExampleApp;
			sourceTree = "<group>";
		};
		E5A955E4296FD3BF00E34A9C /* Views */ = {
			isa = PBXGroup;
			children = (
				E5A955E5296FD3BF00E34A9C /* ViewController.swift */,
				E5A955E6296FD3BF00E34A9C /* ViewController.xib */,
			);
			path = Views;
			sourceTree = "<group>";
		};
		E5A955EB296FD3BF00E34A9C /* Services */ = {
			isa = PBXGroup;
			children = (
				E5A955EC296FD3BF00E34A9C /* NFTService.swift */,
			);
			path = Services;
			sourceTree = "<group>";
		};
		E5A955F5296FD3D900E34A9C /* Packages */ = {
			isa = PBXGroup;
			children = (
				E5A955F6296FD3D900E34A9C /* Crossmint-iOS */,
			);
			name = Packages;
			sourceTree = "<group>";
		};
		E5A955F7296FD44500E34A9C /* Frameworks */ = {
			isa = PBXGroup;
			children = (
			);
			name = Frameworks;
			sourceTree = "<group>";
		};
/* End PBXGroup section */

/* Begin PBXNativeTarget section */
		E5A955BD296FD2AF00E34A9C /* ExampleApp */ = {
			isa = PBXNativeTarget;
			buildConfigurationList = E5A955D2296FD2B000E34A9C /* Build configuration list for PBXNativeTarget "ExampleApp" */;
			buildPhases = (
				E5A955BA296FD2AF00E34A9C /* Sources */,
				E5A955BB296FD2AF00E34A9C /* Frameworks */,
				E5A955BC296FD2AF00E34A9C /* Resources */,
			);
			buildRules = (
			);
			dependencies = (
			);
			name = ExampleApp;
			packageProductDependencies = (
				E5A955F8296FD44500E34A9C /* Crossmint */,
			);
			productName = ExampleApp;
			productReference = E5A955BE296FD2AF00E34A9C /* ExampleApp.app */;
			productType = "com.apple.product-type.application";
		};
/* End PBXNativeTarget section */

/* Begin PBXProject section */
		E5A955B6296FD2AF00E34A9C /* Project object */ = {
			isa = PBXProject;
			attributes = {
				BuildIndependentTargetsInParallel = 1;
				LastSwiftUpdateCheck = 1420;
				LastUpgradeCheck = 1420;
				TargetAttributes = {
					E5A955BD296FD2AF00E34A9C = {
						CreatedOnToolsVersion = 14.2;
						LastSwiftMigration = 1420;
					};
				};
			};
			buildConfigurationList = E5A955B9296FD2AF00E34A9C /* Build configuration list for PBXProject "ExampleApp" */;
			compatibilityVersion = "Xcode 14.0";
			developmentRegion = en;
			hasScannedForEncodings = 0;
			knownRegions = (
				en,
				Base,
			);
			mainGroup = E5A955B5296FD2AF00E34A9C;
			productRefGroup = E5A955BF296FD2AF00E34A9C /* Products */;
			projectDirPath = "";
			projectRoot = "";
			targets = (
				E5A955BD296FD2AF00E34A9C /* ExampleApp */,
			);
		};
/* End PBXProject section */

/* Begin PBXResourcesBuildPhase section */
		E5A955BC296FD2AF00E34A9C /* Resources */ = {
			isa = PBXResourcesBuildPhase;
			buildActionMask = 2147483647;
			files = (
				E5A955F2296FD3BF00E34A9C /* LaunchScreen.storyboard in Resources */,
				E5A955F3296FD3BF00E34A9C /* Assets.xcassets in Resources */,
				E5A955EF296FD3BF00E34A9C /* ViewController.xib in Resources */,
			);
			runOnlyForDeploymentPostprocessing = 0;
		};
/* End PBXResourcesBuildPhase section */

/* Begin PBXSourcesBuildPhase section */
		E5A955BA296FD2AF00E34A9C /* Sources */ = {
			isa = PBXSourcesBuildPhase;
			buildActionMask = 2147483647;
			files = (
				E5A955F4296FD3BF00E34A9C /* NFTService.swift in Sources */,
				E5A955F1296FD3BF00E34A9C /* AppDelegate.swift in Sources */,
				E5A955EE296FD3BF00E34A9C /* ViewController.swift in Sources */,
				E5A955ED296FD3BF00E34A9C /* SceneDelegate.swift in Sources */,
			);
			runOnlyForDeploymentPostprocessing = 0;
		};
/* End PBXSourcesBuildPhase section */

/* Begin XCBuildConfiguration section */
		E5A955D0296FD2B000E34A9C /* Debug */ = {
			isa = XCBuildConfiguration;
			buildSettings = {
				ALWAYS_SEARCH_USER_PATHS = NO;
				CLANG_ANALYZER_NONNULL = YES;
				CLANG_ANALYZER_NUMBER_OBJECT_CONVERSION = YES_AGGRESSIVE;
				CLANG_CXX_LANGUAGE_STANDARD = "gnu++20";
				CLANG_ENABLE_MODULES = YES;
				CLANG_ENABLE_OBJC_ARC = YES;
				CLANG_ENABLE_OBJC_WEAK = YES;
				CLANG_WARN_BLOCK_CAPTURE_AUTORELEASING = YES;
				CLANG_WARN_BOOL_CONVERSION = YES;
				CLANG_WARN_COMMA = YES;
				CLANG_WARN_CONSTANT_CONVERSION = YES;
				CLANG_WARN_DEPRECATED_OBJC_IMPLEMENTATIONS = YES;
				CLANG_WARN_DIRECT_OBJC_ISA_USAGE = YES_ERROR;
				CLANG_WARN_DOCUMENTATION_COMMENTS = YES;
				CLANG_WARN_EMPTY_BODY = YES;
				CLANG_WARN_ENUM_CONVERSION = YES;
				CLANG_WARN_INFINITE_RECURSION = YES;
				CLANG_WARN_INT_CONVERSION = YES;
				CLANG_WARN_NON_LITERAL_NULL_CONVERSION = YES;
				CLANG_WARN_OBJC_IMPLICIT_RETAIN_SELF = YES;
				CLANG_WARN_OBJC_LITERAL_CONVERSION = YES;
				CLANG_WARN_OBJC_ROOT_CLASS = YES_ERROR;
				CLANG_WARN_QUOTED_INCLUDE_IN_FRAMEWORK_HEADER = YES;
				CLANG_WARN_RANGE_LOOP_ANALYSIS = YES;
				CLANG_WARN_STRICT_PROTOTYPES = YES;
				CLANG_WARN_SUSPICIOUS_MOVE = YES;
				CLANG_WARN_UNGUARDED_AVAILABILITY = YES_AGGRESSIVE;
				CLANG_WARN_UNREACHABLE_CODE = YES;
				CLANG_WARN__DUPLICATE_METHOD_MATCH = YES;
				COPY_PHASE_STRIP = NO;
				DEBUG_INFORMATION_FORMAT = dwarf;
				ENABLE_STRICT_OBJC_MSGSEND = YES;
				ENABLE_TESTABILITY = YES;
				GCC_C_LANGUAGE_STANDARD = gnu11;
				GCC_DYNAMIC_NO_PIC = NO;
				GCC_NO_COMMON_BLOCKS = YES;
				GCC_OPTIMIZATION_LEVEL = 0;
				GCC_PREPROCESSOR_DEFINITIONS = (
					"DEBUG=1",
					"$(inherited)",
				);
				GCC_WARN_64_TO_32_BIT_CONVERSION = YES;
				GCC_WARN_ABOUT_RETURN_TYPE = YES_ERROR;
				GCC_WARN_UNDECLARED_SELECTOR = YES;
				GCC_WARN_UNINITIALIZED_AUTOS = YES_AGGRESSIVE;
				GCC_WARN_UNUSED_FUNCTION = YES;
				GCC_WARN_UNUSED_VARIABLE = YES;
				IPHONEOS_DEPLOYMENT_TARGET = 16.2;
				MTL_ENABLE_DEBUG_INFO = INCLUDE_SOURCE;
				MTL_FAST_MATH = YES;
				ONLY_ACTIVE_ARCH = YES;
				SDKROOT = iphoneos;
				SWIFT_ACTIVE_COMPILATION_CONDITIONS = DEBUG;
				SWIFT_OPTIMIZATION_LEVEL = "-Onone";
			};
			name = Debug;
		};
		E5A955D1296FD2B000E34A9C /* Release */ = {
			isa = XCBuildConfiguration;
			buildSettings = {
				ALWAYS_SEARCH_USER_PATHS = NO;
				CLANG_ANALYZER_NONNULL = YES;
				CLANG_ANALYZER_NUMBER_OBJECT_CONVERSION = YES_AGGRESSIVE;
				CLANG_CXX_LANGUAGE_STANDARD = "gnu++20";
				CLANG_ENABLE_MODULES = YES;
				CLANG_ENABLE_OBJC_ARC = YES;
				CLANG_ENABLE_OBJC_WEAK = YES;
				CLANG_WARN_BLOCK_CAPTURE_AUTORELEASING = YES;
				CLANG_WARN_BOOL_CONVERSION = YES;
				CLANG_WARN_COMMA = YES;
				CLANG_WARN_CONSTANT_CONVERSION = YES;
				CLANG_WARN_DEPRECATED_OBJC_IMPLEMENTATIONS = YES;
				CLANG_WARN_DIRECT_OBJC_ISA_USAGE = YES_ERROR;
				CLANG_WARN_DOCUMENTATION_COMMENTS = YES;
				CLANG_WARN_EMPTY_BODY = YES;
				CLANG_WARN_ENUM_CONVERSION = YES;
				CLANG_WARN_INFINITE_RECURSION = YES;
				CLANG_WARN_INT_CONVERSION = YES;
				CLANG_WARN_NON_LITERAL_NULL_CONVERSION = YES;
				CLANG_WARN_OBJC_IMPLICIT_RETAIN_SELF = YES;
				CLANG_WARN_OBJC_LITERAL_CONVERSION = YES;
				CLANG_WARN_OBJC_ROOT_CLASS = YES_ERROR;
				CLANG_WARN_QUOTED_INCLUDE_IN_FRAMEWORK_HEADER = YES;
				CLANG_WARN_RANGE_LOOP_ANALYSIS = YES;
				CLANG_WARN_STRICT_PROTOTYPES = YES;
				CLANG_WARN_SUSPICIOUS_MOVE = YES;
				CLANG_WARN_UNGUARDED_AVAILABILITY = YES_AGGRESSIVE;
				CLANG_WARN_UNREACHABLE_CODE = YES;
				CLANG_WARN__DUPLICATE_METHOD_MATCH = YES;
				COPY_PHASE_STRIP = NO;
				DEBUG_INFORMATION_FORMAT = "dwarf-with-dsym";
				ENABLE_NS_ASSERTIONS = NO;
				ENABLE_STRICT_OBJC_MSGSEND = YES;
				GCC_C_LANGUAGE_STANDARD = gnu11;
				GCC_NO_COMMON_BLOCKS = YES;
				GCC_WARN_64_TO_32_BIT_CONVERSION = YES;
				GCC_WARN_ABOUT_RETURN_TYPE = YES_ERROR;
				GCC_WARN_UNDECLARED_SELECTOR = YES;
				GCC_WARN_UNINITIALIZED_AUTOS = YES_AGGRESSIVE;
				GCC_WARN_UNUSED_FUNCTION = YES;
				GCC_WARN_UNUSED_VARIABLE = YES;
				IPHONEOS_DEPLOYMENT_TARGET = 16.2;
				MTL_ENABLE_DEBUG_INFO = NO;
				MTL_FAST_MATH = YES;
				SDKROOT = iphoneos;
				SWIFT_COMPILATION_MODE = wholemodule;
				SWIFT_OPTIMIZATION_LEVEL = "-O";
				VALIDATE_PRODUCT = YES;
			};
			name = Release;
		};
		E5A955D3296FD2B000E34A9C /* Debug */ = {
			isa = XCBuildConfiguration;
			buildSettings = {
				ASSETCATALOG_COMPILER_APPICON_NAME = AppIcon;
				ASSETCATALOG_COMPILER_GLOBAL_ACCENT_COLOR_NAME = AccentColor;
				CLANG_ENABLE_MODULES = YES;
				CODE_SIGN_STYLE = Automatic;
				CURRENT_PROJECT_VERSION = 1;
				GENERATE_INFOPLIST_FILE = YES;
				INFOPLIST_FILE = ExampleApp/Info.plist;
				INFOPLIST_KEY_UIApplicationSupportsIndirectInputEvents = YES;
				INFOPLIST_KEY_UILaunchStoryboardName = LaunchScreen;
				INFOPLIST_KEY_UIMainStoryboardFile = "";
				INFOPLIST_KEY_UISupportedInterfaceOrientations_iPad = "UIInterfaceOrientationPortrait UIInterfaceOrientationPortraitUpsideDown UIInterfaceOrientationLandscapeLeft UIInterfaceOrientationLandscapeRight";
				INFOPLIST_KEY_UISupportedInterfaceOrientations_iPhone = "UIInterfaceOrientationPortrait UIInterfaceOrientationLandscapeLeft UIInterfaceOrientationLandscapeRight";
				LD_RUNPATH_SEARCH_PATHS = (
					"$(inherited)",
					"@executable_path/Frameworks",
				);
				MARKETING_VERSION = 1.0;
				PRODUCT_BUNDLE_IDENTIFIER = com.crossmint.ExampleApp;
				PRODUCT_NAME = "$(TARGET_NAME)";
				SWIFT_EMIT_LOC_STRINGS = YES;
				SWIFT_OPTIMIZATION_LEVEL = "-Onone";
				SWIFT_VERSION = 5.0;
				TARGETED_DEVICE_FAMILY = "1,2";
			};
			name = Debug;
		};
		E5A955D4296FD2B000E34A9C /* Release */ = {
			isa = XCBuildConfiguration;
			buildSettings = {
				ASSETCATALOG_COMPILER_APPICON_NAME = AppIcon;
				ASSETCATALOG_COMPILER_GLOBAL_ACCENT_COLOR_NAME = AccentColor;
				CLANG_ENABLE_MODULES = YES;
				CODE_SIGN_STYLE = Automatic;
				CURRENT_PROJECT_VERSION = 1;
				GENERATE_INFOPLIST_FILE = YES;
				INFOPLIST_FILE = ExampleApp/Info.plist;
				INFOPLIST_KEY_UIApplicationSupportsIndirectInputEvents = YES;
				INFOPLIST_KEY_UILaunchStoryboardName = LaunchScreen;
				INFOPLIST_KEY_UIMainStoryboardFile = "";
				INFOPLIST_KEY_UISupportedInterfaceOrientations_iPad = "UIInterfaceOrientationPortrait UIInterfaceOrientationPortraitUpsideDown UIInterfaceOrientationLandscapeLeft UIInterfaceOrientationLandscapeRight";
				INFOPLIST_KEY_UISupportedInterfaceOrientations_iPhone = "UIInterfaceOrientationPortrait UIInterfaceOrientationLandscapeLeft UIInterfaceOrientationLandscapeRight";
				LD_RUNPATH_SEARCH_PATHS = (
					"$(inherited)",
					"@executable_path/Frameworks",
				);
				MARKETING_VERSION = 1.0;
				PRODUCT_BUNDLE_IDENTIFIER = com.crossmint.ExampleApp;
				PRODUCT_NAME = "$(TARGET_NAME)";
				SWIFT_EMIT_LOC_STRINGS = YES;
				SWIFT_VERSION = 5.0;
				TARGETED_DEVICE_FAMILY = "1,2";
			};
			name = Release;
		};
/* End XCBuildConfiguration section */

/* Begin XCConfigurationList section */
		E5A955B9296FD2AF00E34A9C /* Build configuration list for PBXProject "ExampleApp" */ = {
			isa = XCConfigurationList;
			buildConfigurations = (
				E5A955D0296FD2B000E34A9C /* Debug */,
				E5A955D1296FD2B000E34A9C /* Release */,
			);
			defaultConfigurationIsVisible = 0;
			defaultConfigurationName = Release;
		};
		E5A955D2296FD2B000E34A9C /* Build configuration list for PBXNativeTarget "ExampleApp" */ = {
			isa = XCConfigurationList;
			buildConfigurations = (
				E5A955D3296FD2B000E34A9C /* Debug */,
				E5A955D4296FD2B000E34A9C /* Release */,
			);
			defaultConfigurationIsVisible = 0;
			defaultConfigurationName = Release;
		};
/* End XCConfigurationList section */

/* Begin XCSwiftPackageProductDependency section */
		E5A955F8296FD44500E34A9C /* Crossmint */ = {
			isa = XCSwiftPackageProductDependency;
			productName = Crossmint;
		};
/* End XCSwiftPackageProductDependency section */
	};
	rootObject = E5A955B6296FD2AF00E34A9C /* Project object */;
}
